// !$*UTF8*$!
{
	archiveVersion = 1;
	classes = {
	};
	objectVersion = 46;
	objects = {

/* Begin PBXBuildFile section */
		622C27631E6EF6A9002D8098 /* main.cpp in Sources */ = {isa = PBXBuildFile; fileRef = 622C27621E6EF6A9002D8098 /* main.cpp */; };
		622C276F1E6EF6FA002D8098 /* vectorIOEstudiant.cc in Sources */ = {isa = PBXBuildFile; fileRef = 622C276D1E6EF6FA002D8098 /* vectorIOEstudiant.cc */; };
		622C27731E6EF71B002D8098 /* Cjt_estudiants.cc in Sources */ = {isa = PBXBuildFile; fileRef = 622C27711E6EF71B002D8098 /* Cjt_estudiants.cc */; };
		622C27741E6EF71B002D8098 /* Estudiant.cc in Sources */ = {isa = PBXBuildFile; fileRef = 622C27721E6EF71B002D8098 /* Estudiant.cc */; };
		622C27771E6EF772002D8098 /* 2.1.cpp in Sources */ = {isa = PBXBuildFile; fileRef = 622C27761E6EF772002D8098 /* 2.1.cpp */; };
/* End PBXBuildFile section */

/* Begin PBXCopyFilesBuildPhase section */
		622C275D1E6EF6A9002D8098 /* CopyFiles */ = {
			isa = PBXCopyFilesBuildPhase;
			buildActionMask = 2147483647;
			dstPath = /usr/share/man/man1/;
			dstSubfolderSpec = 0;
			files = (
			);
			runOnlyForDeploymentPostprocessing = 1;
		};
/* End PBXCopyFilesBuildPhase section */

/* Begin PBXFileReference section */
		622C275F1E6EF6A9002D8098 /* sesion3 */ = {isa = PBXFileReference; explicitFileType = "compiled.mach-o.executable"; includeInIndex = 0; path = sesion3; sourceTree = BUILT_PRODUCTS_DIR; };
		622C27621E6EF6A9002D8098 /* main.cpp */ = {isa = PBXFileReference; lastKnownFileType = sourcecode.cpp.cpp; path = main.cpp; sourceTree = "<group>"; };
		622C27691E6EF6FA002D8098 /* Arbre.hh */ = {isa = PBXFileReference; fileEncoding = 4; lastKnownFileType = sourcecode.cpp.h; name = Arbre.hh; path = ../../../pro2/inclusions/Arbre.hh; sourceTree = "<group>"; };
		622C276A1E6EF6FA002D8098 /* Cjt_estudiants.hh */ = {isa = PBXFileReference; fileEncoding = 4; lastKnownFileType = sourcecode.cpp.h; name = Cjt_estudiants.hh; path = ../../../pro2/inclusions/Cjt_estudiants.hh; sourceTree = "<group>"; };
		622C276B1E6EF6FA002D8098 /* Estudiant.hh */ = {isa = PBXFileReference; fileEncoding = 4; lastKnownFileType = sourcecode.cpp.h; name = Estudiant.hh; path = ../../../pro2/inclusions/Estudiant.hh; sourceTree = "<group>"; };
		622C276C1E6EF6FA002D8098 /* PRO2Excepcio.hh */ = {isa = PBXFileReference; fileEncoding = 4; lastKnownFileType = sourcecode.cpp.h; name = PRO2Excepcio.hh; path = ../../../pro2/inclusions/PRO2Excepcio.hh; sourceTree = "<group>"; };
		622C276D1E6EF6FA002D8098 /* vectorIOEstudiant.cc */ = {isa = PBXFileReference; fileEncoding = 4; lastKnownFileType = sourcecode.cpp.cpp; name = vectorIOEstudiant.cc; path = ../../../pro2/inclusions/vectorIOEstudiant.cc; sourceTree = "<group>"; };
		622C276E1E6EF6FA002D8098 /* vectorIOEstudiant.hh */ = {isa = PBXFileReference; fileEncoding = 4; lastKnownFileType = sourcecode.cpp.h; name = vectorIOEstudiant.hh; path = ../../../pro2/inclusions/vectorIOEstudiant.hh; sourceTree = "<group>"; };
		622C27711E6EF71B002D8098 /* Cjt_estudiants.cc */ = {isa = PBXFileReference; fileEncoding = 4; lastKnownFileType = sourcecode.cpp.cpp; name = Cjt_estudiants.cc; path = ../../pro2/objectes/SOS/Cjt_estudiants.cc; sourceTree = "<group>"; };
		622C27721E6EF71B002D8098 /* Estudiant.cc */ = {isa = PBXFileReference; fileEncoding = 4; lastKnownFileType = sourcecode.cpp.cpp; name = Estudiant.cc; path = ../../pro2/objectes/SOS/Estudiant.cc; sourceTree = "<group>"; };
		622C27761E6EF772002D8098 /* 2.1.cpp */ = {isa = PBXFileReference; fileEncoding = 4; lastKnownFileType = sourcecode.cpp.cpp; path = 2.1.cpp; sourceTree = "<group>"; };
/* End PBXFileReference section */

/* Begin PBXFrameworksBuildPhase section */
		622C275C1E6EF6A9002D8098 /* Frameworks */ = {
			isa = PBXFrameworksBuildPhase;
			buildActionMask = 2147483647;
			files = (
			);
			runOnlyForDeploymentPostprocessing = 0;
		};
/* End PBXFrameworksBuildPhase section */

/* Begin PBXGroup section */
		622C27561E6EF6A9002D8098 = {
			isa = PBXGroup;
			children = (
				622C27611E6EF6A9002D8098 /* sesion3 */,
				622C27601E6EF6A9002D8098 /* Products */,
				622C27751E6EF723002D8098 /* objects */,
				622C27701E6EF707002D8098 /* include */,
			);
			sourceTree = "<group>";
		};
		622C27601E6EF6A9002D8098 /* Products */ = {
			isa = PBXGroup;
			children = (
				622C275F1E6EF6A9002D8098 /* sesion3 */,
			);
			name = Products;
			sourceTree = "<group>";
		};
		622C27611E6EF6A9002D8098 /* sesion3 */ = {
			isa = PBXGroup;
			children = (
				622C27621E6EF6A9002D8098 /* main.cpp */,
				622C27761E6EF772002D8098 /* 2.1.cpp */,
			);
			path = sesion3;
			sourceTree = "<group>";
		};
		622C27701E6EF707002D8098 /* include */ = {
			isa = PBXGroup;
			children = (
				622C27691E6EF6FA002D8098 /* Arbre.hh */,
				622C276A1E6EF6FA002D8098 /* Cjt_estudiants.hh */,
				622C276B1E6EF6FA002D8098 /* Estudiant.hh */,
				622C276C1E6EF6FA002D8098 /* PRO2Excepcio.hh */,
				622C276D1E6EF6FA002D8098 /* vectorIOEstudiant.cc */,
				622C276E1E6EF6FA002D8098 /* vectorIOEstudiant.hh */,
			);
			name = include;
			path = sesion3;
			sourceTree = "<group>";
		};
		622C27751E6EF723002D8098 /* objects */ = {
			isa = PBXGroup;
			children = (
				622C27711E6EF71B002D8098 /* Cjt_estudiants.cc */,
				622C27721E6EF71B002D8098 /* Estudiant.cc */,
			);
			name = objects;
			sourceTree = "<group>";
		};
/* End PBXGroup section */

/* Begin PBXNativeTarget section */
		622C275E1E6EF6A9002D8098 /* sesion3 */ = {
			isa = PBXNativeTarget;
			buildConfigurationList = 622C27661E6EF6A9002D8098 /* Build configuration list for PBXNativeTarget "sesion3" */;
			buildPhases = (
				622C275B1E6EF6A9002D8098 /* Sources */,
				622C275C1E6EF6A9002D8098 /* Frameworks */,
				622C275D1E6EF6A9002D8098 /* CopyFiles */,
			);
			buildRules = (
			);
			dependencies = (
			);
			name = sesion3;
			productName = sesion3;
			productReference = 622C275F1E6EF6A9002D8098 /* sesion3 */;
			productType = "com.apple.product-type.tool";
		};
/* End PBXNativeTarget section */

/* Begin PBXProject section */
		622C27571E6EF6A9002D8098 /* Project object */ = {
			isa = PBXProject;
			attributes = {
				LastUpgradeCheck = 0820;
				ORGANIZATIONNAME = "Roberto Ariosa Hernández";
				TargetAttributes = {
					622C275E1E6EF6A9002D8098 = {
						CreatedOnToolsVersion = 8.2.1;
						ProvisioningStyle = Automatic;
					};
				};
			};
			buildConfigurationList = 622C275A1E6EF6A9002D8098 /* Build configuration list for PBXProject "sesion3" */;
			compatibilityVersion = "Xcode 3.2";
			developmentRegion = English;
			hasScannedForEncodings = 0;
			knownRegions = (
				en,
			);
			mainGroup = 622C27561E6EF6A9002D8098;
			productRefGroup = 622C27601E6EF6A9002D8098 /* Products */;
			projectDirPath = "";
			projectRoot = "";
			targets = (
				622C275E1E6EF6A9002D8098 /* sesion3 */,
			);
		};
/* End PBXProject section */

/* Begin PBXSourcesBuildPhase section */
		622C275B1E6EF6A9002D8098 /* Sources */ = {
			isa = PBXSourcesBuildPhase;
			buildActionMask = 2147483647;
			files = (
				622C276F1E6EF6FA002D8098 /* vectorIOEstudiant.cc in Sources */,
				622C27741E6EF71B002D8098 /* Estudiant.cc in Sources */,
				622C27631E6EF6A9002D8098 /* main.cpp in Sources */,
				622C27731E6EF71B002D8098 /* Cjt_estudiants.cc in Sources */,
				622C27771E6EF772002D8098 /* 2.1.cpp in Sources */,
			);
			runOnlyForDeploymentPostprocessing = 0;
		};
/* End PBXSourcesBuildPhase section */

/* Begin XCBuildConfiguration section */
		622C27641E6EF6A9002D8098 /* Debug */ = {
			isa = XCBuildConfiguration;
			buildSettings = {
				ALWAYS_SEARCH_USER_PATHS = NO;
				CLANG_ANALYZER_NONNULL = YES;
				CLANG_CXX_LANGUAGE_STANDARD = "gnu++0x";
				CLANG_CXX_LIBRARY = "libc++";
				CLANG_ENABLE_MODULES = YES;
				CLANG_ENABLE_OBJC_ARC = YES;
				CLANG_WARN_BOOL_CONVERSION = YES;
				CLANG_WARN_CONSTANT_CONVERSION = YES;
				CLANG_WARN_DIRECT_OBJC_ISA_USAGE = YES_ERROR;
				CLANG_WARN_DOCUMENTATION_COMMENTS = YES;
				CLANG_WARN_EMPTY_BODY = YES;
				CLANG_WARN_ENUM_CONVERSION = YES;
				CLANG_WARN_INFINITE_RECURSION = YES;
				CLANG_WARN_INT_CONVERSION = YES;
				CLANG_WARN_OBJC_ROOT_CLASS = YES_ERROR;
				CLANG_WARN_SUSPICIOUS_MOVE = YES;
				CLANG_WARN_UNREACHABLE_CODE = YES;
				CLANG_WARN__DUPLICATE_METHOD_MATCH = YES;
				CODE_SIGN_IDENTITY = "-";
				COPY_PHASE_STRIP = NO;
				DEBUG_INFORMATION_FORMAT = dwarf;
				ENABLE_STRICT_OBJC_MSGSEND = YES;
				ENABLE_TESTABILITY = YES;
				GCC_C_LANGUAGE_STANDARD = gnu99;
				GCC_DYNAMIC_NO_PIC = NO;
				GCC_NO_COMMON_BLOCKS = YES;
				GCC_OPTIMIZATION_LEVEL = 0;
				GCC_PREPROCESSOR_DEFINITIONS = (
					"DEBUG=1",
					"$(inherited)",
				);
				GCC_WARN_64_TO_32_BIT_CONVERSION = YES;
				GCC_WARN_ABOUT_RETURN_TYPE = YES_ERROR;
				GCC_WARN_UNDECLARED_SELECTOR = YES;
				GCC_WARN_UNINITIALIZED_AUTOS = YES_AGGRESSIVE;
				GCC_WARN_UNUSED_FUNCTION = YES;
				GCC_WARN_UNUSED_VARIABLE = YES;
				MACOSX_DEPLOYMENT_TARGET = 10.12;
				MTL_ENABLE_DEBUG_INFO = YES;
				ONLY_ACTIVE_ARCH = YES;
				SDKROOT = macosx;
			};
			name = Debug;
		};
		622C27651E6EF6A9002D8098 /* Release */ = {
			isa = XCBuildConfiguration;
			buildSettings = {
				ALWAYS_SEARCH_USER_PATHS = NO;
				CLANG_ANALYZER_NONNULL = YES;
				CLANG_CXX_LANGUAGE_STANDARD = "gnu++0x";
				CLANG_CXX_LIBRARY = "libc++";
				CLANG_ENABLE_MODULES = YES;
				CLANG_ENABLE_OBJC_ARC = YES;
				CLANG_WARN_BOOL_CONVERSION = YES;
				CLANG_WARN_CONSTANT_CONVERSION = YES;
				CLANG_WARN_DIRECT_OBJC_ISA_USAGE = YES_ERROR;
				CLANG_WARN_DOCUMENTATION_COMMENTS = YES;
				CLANG_WARN_EMPTY_BODY = YES;
				CLANG_WARN_ENUM_CONVERSION = YES;
				CLANG_WARN_INFINITE_RECURSION = YES;
				CLANG_WARN_INT_CONVERSION = YES;
				CLANG_WARN_OBJC_ROOT_CLASS = YES_ERROR;
				CLANG_WARN_SUSPICIOUS_MOVE = YES;
				CLANG_WARN_UNREACHABLE_CODE = YES;
				CLANG_WARN__DUPLICATE_METHOD_MATCH = YES;
				CODE_SIGN_IDENTITY = "-";
				COPY_PHASE_STRIP = NO;
				DEBUG_INFORMATION_FORMAT = "dwarf-with-dsym";
				ENABLE_NS_ASSERTIONS = NO;
				ENABLE_STRICT_OBJC_MSGSEND = YES;
				GCC_C_LANGUAGE_STANDARD = gnu99;
				GCC_NO_COMMON_BLOCKS = YES;
				GCC_WARN_64_TO_32_BIT_CONVERSION = YES;
				GCC_WARN_ABOUT_RETURN_TYPE = YES_ERROR;
				GCC_WARN_UNDECLARED_SELECTOR = YES;
				GCC_WARN_UNINITIALIZED_AUTOS = YES_AGGRESSIVE;
				GCC_WARN_UNUSED_FUNCTION = YES;
				GCC_WARN_UNUSED_VARIABLE = YES;
				MACOSX_DEPLOYMENT_TARGET = 10.12;
				MTL_ENABLE_DEBUG_INFO = NO;
				SDKROOT = macosx;
			};
			name = Release;
		};
		622C27671E6EF6A9002D8098 /* Debug */ = {
			isa = XCBuildConfiguration;
			buildSettings = {
				PRODUCT_NAME = "$(TARGET_NAME)";
			};
			name = Debug;
		};
		622C27681E6EF6A9002D8098 /* Release */ = {
			isa = XCBuildConfiguration;
			buildSettings = {
				PRODUCT_NAME = "$(TARGET_NAME)";
			};
			name = Release;
		};
/* End XCBuildConfiguration section */

/* Begin XCConfigurationList section */
		622C275A1E6EF6A9002D8098 /* Build configuration list for PBXProject "sesion3" */ = {
			isa = XCConfigurationList;
			buildConfigurations = (
				622C27641E6EF6A9002D8098 /* Debug */,
				622C27651E6EF6A9002D8098 /* Release */,
			);
			defaultConfigurationIsVisible = 0;
			defaultConfigurationName = Release;
		};
		622C27661E6EF6A9002D8098 /* Build configuration list for PBXNativeTarget "sesion3" */ = {
			isa = XCConfigurationList;
			buildConfigurations = (
				622C27671E6EF6A9002D8098 /* Debug */,
				622C27681E6EF6A9002D8098 /* Release */,
			);
			defaultConfigurationIsVisible = 0;
		};
/* End XCConfigurationList section */
	};
	rootObject = 622C27571E6EF6A9002D8098 /* Project object */;
}
